{
  "name": "flutter_tauri",
  "version": "0.1.0",
  "lockfileVersion": 3,
  "requires": true,
  "packages": {
    "": {
      "name": "flutter_tauri",
      "version": "0.1.0",
      "devDependencies": {
        "@tauri-apps/cli": ">=2.0.0"
      }
    },
    "node_modules/@tauri-apps/cli": {
      "version": "2.0.2",
      "resolved": "https://registry.npmjs.org/@tauri-apps/cli/-/cli-2.0.2.tgz",
      "integrity": "sha512-R4ontHZvXORArERAHIidp5zRfZEshZczTiK+poslBv7AGKpQZoMw+E49zns7mOmP64i2Cq9Ci0pJvi4Rm8Okzw==",
      "dev": true,
      "license": "Apache-2.0 OR MIT",
      "bin": {
        "tauri": "tauri.js"
      },
      "engines": {
        "node": ">= 10"
      },
      "funding": {
        "type": "opencollective",
        "url": "https://opencollective.com/tauri"
      },
      "optionalDependencies": {
        "@tauri-apps/cli-darwin-arm64": "2.0.2",
        "@tauri-apps/cli-darwin-x64": "2.0.2",
        "@tauri-apps/cli-linux-arm-gnueabihf": "2.0.2",
        "@tauri-apps/cli-linux-arm64-gnu": "2.0.2",
        "@tauri-apps/cli-linux-arm64-musl": "2.0.2",
        "@tauri-apps/cli-linux-x64-gnu": "2.0.2",
        "@tauri-apps/cli-linux-x64-musl": "2.0.2",
        "@tauri-apps/cli-win32-arm64-msvc": "2.0.2",
        "@tauri-apps/cli-win32-ia32-msvc": "2.0.2",
        "@tauri-apps/cli-win32-x64-msvc": "2.0.2"
      }
    },
    "node_modules/@tauri-apps/cli-darwin-arm64": {
      "version": "2.0.2",
      "resolved": "https://registry.npmjs.org/@tauri-apps/cli-darwin-arm64/-/cli-darwin-arm64-2.0.2.tgz",
      "integrity": "sha512-B+/a8Q6wAqmB4A4HVeK0oQP5TdQGKW60ZLOI9O2ktH2HPr9ETr3XkwXPuJ2uAOuGEgtRZHBgFOIgG000vMnKlg==",
      "cpu": [
        "arm64"
      ],
      "dev": true,
      "license": "Apache-2.0 OR MIT",
      "optional": true,
      "os": [
        "darwin"
      ],
      "engines": {
        "node": ">= 10"
      }
    },
    "node_modules/@tauri-apps/cli-darwin-x64": {
      "version": "2.0.2",
      "resolved": "https://registry.npmjs.org/@tauri-apps/cli-darwin-x64/-/cli-darwin-x64-2.0.2.tgz",
      "integrity": "sha512-kaurhn6XT4gAVCPAQSSHl/CHFxTS0ljc47N7iGTSlYJ03sCWPRZeNuVa/bn6rolz9MA2JfnRnFqB1pUL6jzp9Q==",
      "cpu": [
        "x64"
      ],
      "dev": true,
      "license": "Apache-2.0 OR MIT",
      "optional": true,
      "os": [
        "darwin"
      ],
      "engines": {
        "node": ">= 10"
      }
    },
    "node_modules/@tauri-apps/cli-linux-arm-gnueabihf": {
      "version": "2.0.2",
      "resolved": "https://registry.npmjs.org/@tauri-apps/cli-linux-arm-gnueabihf/-/cli-linux-arm-gnueabihf-2.0.2.tgz",
      "integrity": "sha512-bVrofjlacMxmGMcqK18iBW05tsZXOd19/MnqruFFcHSVjvkGGIXHMtUbMXnZNXBPkHDsnfytNtkY9SZGfCFaBA==",
      "cpu": [
        "arm"
      ],
      "dev": true,
      "license": "Apache-2.0 OR MIT",
      "optional": true,
      "os": [
        "linux"
      ],
      "engines": {
        "node": ">= 10"
      }
    },
    "node_modules/@tauri-apps/cli-linux-arm64-gnu": {
      "version": "2.0.2",
      "resolved": "https://registry.npmjs.org/@tauri-apps/cli-linux-arm64-gnu/-/cli-linux-arm64-gnu-2.0.2.tgz",
      "integrity": "sha512-7XCBn0TTBVQGnV42dXcbHPLg/9W8kJoVzuliIozvNGyRWxfXqDbQYzpI48HUQG3LgHMabcw8+pVZAfGhevLrCA==",
      "cpu": [
        "arm64"
      ],
      "dev": true,
      "license": "Apache-2.0 OR MIT",
      "optional": true,
      "os": [
        "linux"
      ],
      "engines": {
        "node": ">= 10"
      }
    },
    "node_modules/@tauri-apps/cli-linux-arm64-musl": {
      "version": "2.0.2",
      "resolved": "https://registry.npmjs.org/@tauri-apps/cli-linux-arm64-musl/-/cli-linux-arm64-musl-2.0.2.tgz",
      "integrity": "sha512-1xi2SreGVlpAL68MCsDUY63rdItUdPZreXIAcOVqvUehcJRYOa1XGSBhrV0YXRgZeh0AtKC19z6PRzcv4rosZA==",
      "cpu": [
        "arm64"
      ],
      "dev": true,
      "license": "Apache-2.0 OR MIT",
      "optional": true,
      "os": [
        "linux"
      ],
      "engines": {
        "node": ">= 10"
      }
    },
    "node_modules/@tauri-apps/cli-linux-x64-gnu": {
      "version": "2.0.2",
      "resolved": "https://registry.npmjs.org/@tauri-apps/cli-linux-x64-gnu/-/cli-linux-x64-gnu-2.0.2.tgz",
      "integrity": "sha512-WVjwYzPWFqZVg1fx6KSU5w47Q0VbMyaCp34qs5EcS8EIU0/RnofdzqUoOYqvgGVgNgoz7Pj5dXK2SkS8BHXMmA==",
      "cpu": [
        "x64"
      ],
      "dev": true,
      "license": "Apache-2.0 OR MIT",
      "optional": true,
      "os": [
        "linux"
      ],
      "engines": {
        "node": ">= 10"
      }
    },
    "node_modules/@tauri-apps/cli-linux-x64-musl": {
      "version": "2.0.2",
      "resolved": "https://registry.npmjs.org/@tauri-apps/cli-linux-x64-musl/-/cli-linux-x64-musl-2.0.2.tgz",
      "integrity": "sha512-h5miE2mctgaQNn/BbG9o1pnJcrx+VGBi2A6JFqGu934lFgSV5+s28M8Gc8AF2JgFH4hQV4IuMkeSw8Chu5Dodg==",
      "cpu": [
        "x64"
      ],
      "dev": true,
      "license": "Apache-2.0 OR MIT",
      "optional": true,
      "os": [
        "linux"
      ],
      "engines": {
        "node": ">= 10"
      }
    },
    "node_modules/@tauri-apps/cli-win32-arm64-msvc": {
      "version": "2.0.2",
      "resolved": "https://registry.npmjs.org/@tauri-apps/cli-win32-arm64-msvc/-/cli-win32-arm64-msvc-2.0.2.tgz",
      "integrity": "sha512-2b8oO0+dYonahG5PfA/zoq0zlafLclfmXgqoWDZ++UiPtQHJNpNeEQ8GWbSFKGHQ494Jo6jHvazOojGRE1kqAg==",
      "cpu": [
        "arm64"
      ],
      "dev": true,
      "license": "Apache-2.0 OR MIT",
      "optional": true,
      "os": [
        "win32"
      ],
      "engines": {
        "node": ">= 10"
      }
    },
    "node_modules/@tauri-apps/cli-win32-ia32-msvc": {
      "version": "2.0.2",
      "resolved": "https://registry.npmjs.org/@tauri-apps/cli-win32-ia32-msvc/-/cli-win32-ia32-msvc-2.0.2.tgz",
      "integrity": "sha512-axgICLunFi0To3EibdCBgbST5RocsSmtM4c04+CbcX8WQQosJ9ziWlCSrrOTRr+gJERAMSvEyVUS98f6bWMw9A==",
      "cpu": [
        "ia32"
      ],
      "dev": true,
      "license": "Apache-2.0 OR MIT",
      "optional": true,
      "os": [
        "win32"
      ],
      "engines": {
        "node": ">= 10"
      }
    },
    "node_modules/@tauri-apps/cli-win32-x64-msvc": {
      "version": "2.0.2",
      "resolved": "https://registry.npmjs.org/@tauri-apps/cli-win32-x64-msvc/-/cli-win32-x64-msvc-2.0.2.tgz",
      "integrity": "sha512-JR17cM6+DyExZRgpXr2/DdqvcFYi/EKvQt8dI5R1/uQoesWd8jeNnrU7c1FG1Zmw9+pTzDztsNqEKsrNq2sNIg==",
      "cpu": [
        "x64"
      ],
      "dev": true,
      "license": "Apache-2.0 OR MIT",
      "optional": true,
      "os": [
        "win32"
      ],
      "engines": {
        "node": ">= 10"
      }
    }
  }
}
